
Microsoft Visual Studio Solution File, Format Version 12.00
# Visual Studio Version 17
VisualStudioVersion = 17.7.34024.191
MinimumVisualStudioVersion = 10.0.40219.1
Project("{FAE04EC0-301F-11D3-BF4B-00C04F79EFBC}") = "Week14OOP", "Week14OOP\Week14OOP.csproj", "{78096194-3C1B-413E-8808-B6EDDEE0DDFA}"
EndProject
Global
	GlobalSection(SolutionConfigurationPlatforms) = preSolution
		Debug|Any CPU = Debug|Any CPU
		Release|Any CPU = Release|Any CPU
	EndGlobalSection
	GlobalSection(ProjectConfigurationPlatforms) = postSolution
		{78096194-3C1B-413E-8808-B6EDDEE0DDFA}.Debug|Any CPU.ActiveCfg = Debug|Any CPU
		{78096194-3C1B-413E-8808-B6EDDEE0DDFA}.Debug|Any CPU.Build.0 = Debug|Any CPU
		{78096194-3C1B-413E-8808-B6EDDEE0DDFA}.Release|Any CPU.ActiveCfg = Release|Any CPU
		{78096194-3C1B-413E-8808-B6EDDEE0DDFA}.Release|Any CPU.Build.0 = Release|Any CPU
	EndGlobalSection
	GlobalSection(SolutionProperties) = preSolution
		HideSolutionNode = FALSE
	EndGlobalSection
	GlobalSection(ExtensibilityGlobals) = postSolution
		SolutionGuid = {6D64AD54-A717-4922-AE5B-F4FA8E527EC8}
	EndGlobalSection
EndGlobal
